
Microsoft Visual Studio Solution File, Format Version 12.00
# Visual Studio Version 17
VisualStudioVersion = 17.3.32929.385
MinimumVisualStudioVersion = 10.0.40219.1
Project("{9A19103F-16F7-4668-BE54-9A1E7A4F7556}") = "iTombola.WPF", "iTombola.WPF\iTombola.WPF.csproj", "{51D49CE9-0404-405C-B6A4-F8E4ED666B9B}"
EndProject
Project("{FAE04EC0-301F-11D3-BF4B-00C04F79EFBC}") = "iTombola.Core", "iTombola.Core\iTombola.Core.csproj", "{C9FE30A1-230B-416C-917E-D45620DD80FE}"
EndProject
Project("{FAE04EC0-301F-11D3-BF4B-00C04F79EFBC}") = "iTombola.Cognitive", "iTombola.Cognitive\iTombola.Cognitive.csproj", "{E665C346-68D7-4925-8B62-2E4ED7B0AB9C}"
EndProject
Global
	GlobalSection(SolutionConfigurationPlatforms) = preSolution
		Debug|Any CPU = Debug|Any CPU
		Release|Any CPU = Release|Any CPU
	EndGlobalSection
	GlobalSection(ProjectConfigurationPlatforms) = postSolution
		{51D49CE9-0404-405C-B6A4-F8E4ED666B9B}.Debug|Any CPU.ActiveCfg = Debug|Any CPU
		{51D49CE9-0404-405C-B6A4-F8E4ED666B9B}.Debug|Any CPU.Build.0 = Debug|Any CPU
		{51D49CE9-0404-405C-B6A4-F8E4ED666B9B}.Release|Any CPU.ActiveCfg = Release|Any CPU
		{51D49CE9-0404-405C-B6A4-F8E4ED666B9B}.Release|Any CPU.Build.0 = Release|Any CPU
		{C9FE30A1-230B-416C-917E-D45620DD80FE}.Debug|Any CPU.ActiveCfg = Debug|Any CPU
		{C9FE30A1-230B-416C-917E-D45620DD80FE}.Debug|Any CPU.Build.0 = Debug|Any CPU
		{C9FE30A1-230B-416C-917E-D45620DD80FE}.Release|Any CPU.ActiveCfg = Release|Any CPU
		{C9FE30A1-230B-416C-917E-D45620DD80FE}.Release|Any CPU.Build.0 = Release|Any CPU
		{E665C346-68D7-4925-8B62-2E4ED7B0AB9C}.Debug|Any CPU.ActiveCfg = Debug|Any CPU
		{E665C346-68D7-4925-8B62-2E4ED7B0AB9C}.Debug|Any CPU.Build.0 = Debug|Any CPU
		{E665C346-68D7-4925-8B62-2E4ED7B0AB9C}.Release|Any CPU.ActiveCfg = Release|Any CPU
		{E665C346-68D7-4925-8B62-2E4ED7B0AB9C}.Release|Any CPU.Build.0 = Release|Any CPU
	EndGlobalSection
	GlobalSection(SolutionProperties) = preSolution
		HideSolutionNode = FALSE
	EndGlobalSection
	GlobalSection(ExtensibilityGlobals) = postSolution
		SolutionGuid = {A084A077-4DA0-4883-B414-858DA1339E68}
	EndGlobalSection
EndGlobal
